// !$*UTF8*$!
{
	archiveVersion = 1;
	classes = {
	};
	objectVersion = 51;
	objects = {

/* Begin PBXBuildFile section */
		6120D8E9259575FD0016989A /* ToDoLogicModel.swift in Sources */ = {isa = PBXBuildFile; fileRef = 6120D8E8259575FD0016989A /* ToDoLogicModel.swift */; };
		6120D8EE259576130016989A /* MainViewModel.swift in Sources */ = {isa = PBXBuildFile; fileRef = 6120D8ED259576130016989A /* MainViewModel.swift */; };
		6120D8F32595762A0016989A /* PopupViewModel.swift in Sources */ = {isa = PBXBuildFile; fileRef = 6120D8F22595762A0016989A /* PopupViewModel.swift */; };
		6120D8FB259576450016989A /* TableViewModel.swift in Sources */ = {isa = PBXBuildFile; fileRef = 6120D8FA259576450016989A /* TableViewModel.swift */; };
		6120D903259576590016989A /* AnalyticsViewModel.swift in Sources */ = {isa = PBXBuildFile; fileRef = 6120D902259576590016989A /* AnalyticsViewModel.swift */; };
		612DCB6C258DA7AF004E9368 /* ToDoListViewController.swift in Sources */ = {isa = PBXBuildFile; fileRef = 612DCB6B258DA7AF004E9368 /* ToDoListViewController.swift */; };
		612DCBC6258F01A4004E9368 /* R.generated.swift in Sources */ = {isa = PBXBuildFile; fileRef = 612DCBC5258F01A4004E9368 /* R.generated.swift */; };
		6132E1DD256A51270044D3D9 /* CustomExtension.swift in Sources */ = {isa = PBXBuildFile; fileRef = 6132E1DC256A51270044D3D9 /* CustomExtension.swift */; };
		613D1A66254713EA00DCCAAB /* PopupViewController.swift in Sources */ = {isa = PBXBuildFile; fileRef = 613D1A65254713EA00DCCAAB /* PopupViewController.swift */; };
		613D1A712547252A00DCCAAB /* Popup.storyboard in Resources */ = {isa = PBXBuildFile; fileRef = 613D1A702547252A00DCCAAB /* Popup.storyboard */; };
		6146318C25734FA0004CC4E6 /* GraphView.swift in Sources */ = {isa = PBXBuildFile; fileRef = 6146318B25734FA0004CC4E6 /* GraphView.swift */; };
		614BCDD2255D1E580068A2CA /* タスク編集と削除.mp4 in Resources */ = {isa = PBXBuildFile; fileRef = 614BCDCC255D19450068A2CA /* タスク編集と削除.mp4 */; };
		614BCDD6255D1E610068A2CA /* アラート.mp4 in Resources */ = {isa = PBXBuildFile; fileRef = 614BCDCE255D19450068A2CA /* アラート.mp4 */; };
		614BCDD7255D1E610068A2CA /* タスク作成.mp4 in Resources */ = {isa = PBXBuildFile; fileRef = 614BCDCD255D19450068A2CA /* タスク作成.mp4 */; };
		614BCDDC255D32920068A2CA /* PlayerView.swift in Sources */ = {isa = PBXBuildFile; fileRef = 614BCDDB255D32920068A2CA /* PlayerView.swift */; };
		614BCDEF255F8D140068A2CA /* SettingsValue.swift in Sources */ = {isa = PBXBuildFile; fileRef = 614BCDEE255F8D140068A2CA /* SettingsValue.swift */; };
		6169D05B253DD9EF0032DA92 /* NewToDoItemCell.xib in Resources */ = {isa = PBXBuildFile; fileRef = 6169D059253DD9EF0032DA92 /* NewToDoItemCell.xib */; };
		6169D063253E75F70032DA92 /* NewToDoItemCell.swift in Sources */ = {isa = PBXBuildFile; fileRef = 6169D062253E75F70032DA92 /* NewToDoItemCell.swift */; };
		616CF6FC2593090B00F1F634 /* SettingsModel.swift in Sources */ = {isa = PBXBuildFile; fileRef = 616CF6FB2593090B00F1F634 /* SettingsModel.swift */; };
		616CF70A25930F9000F1F634 /* SettingsViewModel.swift in Sources */ = {isa = PBXBuildFile; fileRef = 616CF70925930F9000F1F634 /* SettingsViewModel.swift */; };
		617FC6E5254B034B005DC7FF /* TableViewController.swift in Sources */ = {isa = PBXBuildFile; fileRef = 617FC6E3254B034B005DC7FF /* TableViewController.swift */; };
		617FC6E6254B034B005DC7FF /* TableViewController.xib in Resources */ = {isa = PBXBuildFile; fileRef = 617FC6E4254B034B005DC7FF /* TableViewController.xib */; };
		618EE4ED2539C6AE0085501C /* IdentifierType.swift in Sources */ = {isa = PBXBuildFile; fileRef = 618EE4EC2539C6AE0085501C /* IdentifierType.swift */; };
		6193D8C825569B6C00A148C1 /* CustomAlertViewController.swift in Sources */ = {isa = PBXBuildFile; fileRef = 6193D8C625569B6C00A148C1 /* CustomAlertViewController.swift */; };
		6193D8CE25569C3F00A148C1 /* CustomAlert.storyboard in Resources */ = {isa = PBXBuildFile; fileRef = 6193D8CD25569C3F00A148C1 /* CustomAlert.storyboard */; };
		6193D8D9255A37BC00A148C1 /* HelpDetail.storyboard in Resources */ = {isa = PBXBuildFile; fileRef = 6193D8D8255A37BC00A148C1 /* HelpDetail.storyboard */; };
		6193D8E2255A3C7400A148C1 /* HelpDetailViewController.swift in Sources */ = {isa = PBXBuildFile; fileRef = 6193D8E1255A3C7300A148C1 /* HelpDetailViewController.swift */; };
		61AF3AD72531F6FE001BE560 /* SettingsViewController.swift in Sources */ = {isa = PBXBuildFile; fileRef = 61AF3AD62531F6FE001BE560 /* SettingsViewController.swift */; };
		61AF3ADC2531F772001BE560 /* AnalyticsViewController.swift in Sources */ = {isa = PBXBuildFile; fileRef = 61AF3ADB2531F772001BE560 /* AnalyticsViewController.swift */; };
		61AF3AE12531FCB5001BE560 /* MainViewController.swift in Sources */ = {isa = PBXBuildFile; fileRef = 61AF3AE02531FCB5001BE560 /* MainViewController.swift */; };
		61AF3AF5253297AD001BE560 /* Analytics.storyboard in Resources */ = {isa = PBXBuildFile; fileRef = 61AF3AF4253297AD001BE560 /* Analytics.storyboard */; };
		61AF3AFA253297B7001BE560 /* Settings.storyboard in Resources */ = {isa = PBXBuildFile; fileRef = 61AF3AF9253297B7001BE560 /* Settings.storyboard */; };
		61C9C90B252D45CD00CA32A4 /* AppDelegate.swift in Sources */ = {isa = PBXBuildFile; fileRef = 61C9C90A252D45CD00CA32A4 /* AppDelegate.swift */; };
		61C9C90D252D45CD00CA32A4 /* SceneDelegate.swift in Sources */ = {isa = PBXBuildFile; fileRef = 61C9C90C252D45CD00CA32A4 /* SceneDelegate.swift */; };
		61C9C912252D45CD00CA32A4 /* Main.storyboard in Resources */ = {isa = PBXBuildFile; fileRef = 61C9C910252D45CD00CA32A4 /* Main.storyboard */; };
		61C9C914252D45CE00CA32A4 /* Assets.xcassets in Resources */ = {isa = PBXBuildFile; fileRef = 61C9C913252D45CE00CA32A4 /* Assets.xcassets */; };
		61C9C917252D45CE00CA32A4 /* LaunchScreen.storyboard in Resources */ = {isa = PBXBuildFile; fileRef = 61C9C915252D45CE00CA32A4 /* LaunchScreen.storyboard */; };
		61C9C922252D45CF00CA32A4 /* TodaysToDoTests.swift in Sources */ = {isa = PBXBuildFile; fileRef = 61C9C921252D45CF00CA32A4 /* TodaysToDoTests.swift */; };
		61C9C92D252D45CF00CA32A4 /* TodaysToDoUITests.swift in Sources */ = {isa = PBXBuildFile; fileRef = 61C9C92C252D45CF00CA32A4 /* TodaysToDoUITests.swift */; };
		61D934D125943B2600DBEB1C /* ToDoListModel.swift in Sources */ = {isa = PBXBuildFile; fileRef = 61D934D025943B2600DBEB1C /* ToDoListModel.swift */; };
		61D934D625943B3000DBEB1C /* ToDoListViewModel.swift in Sources */ = {isa = PBXBuildFile; fileRef = 61D934D525943B3000DBEB1C /* ToDoListViewModel.swift */; };
		61E3A2912553F6F200258DC5 /* HelpViewController.swift in Sources */ = {isa = PBXBuildFile; fileRef = 61E3A2902553F6F200258DC5 /* HelpViewController.swift */; };
		61E6E12D2534875200052F14 /* CustomTabBarController.storyboard in Resources */ = {isa = PBXBuildFile; fileRef = 61E6E12C2534875200052F14 /* CustomTabBarController.storyboard */; };
		61E6E132253487F700052F14 /* CustomTabBarController.swift in Sources */ = {isa = PBXBuildFile; fileRef = 61E6E131253487F700052F14 /* CustomTabBarController.swift */; };
		61E6E1452537BB4700052F14 /* ToDoModel.swift in Sources */ = {isa = PBXBuildFile; fileRef = 61E6E1442537BB4700052F14 /* ToDoModel.swift */; };
		61E6E1CB2538384700052F14 /* ToDoItemCell.swift in Sources */ = {isa = PBXBuildFile; fileRef = 61E6E1C92538384700052F14 /* ToDoItemCell.swift */; };
		61E6E1CC2538384700052F14 /* ToDoItemCell.xib in Resources */ = {isa = PBXBuildFile; fileRef = 61E6E1CA2538384700052F14 /* ToDoItemCell.xib */; };
		CE9F207A9DAFD1877F5BC691 /* Pods_TodaysToDo.framework in Frameworks */ = {isa = PBXBuildFile; fileRef = 74DA0A811A92E5DF236FC7DD /* Pods_TodaysToDo.framework */; };
/* End PBXBuildFile section */

/* Begin PBXContainerItemProxy section */
		61C9C91E252D45CF00CA32A4 /* PBXContainerItemProxy */ = {
			isa = PBXContainerItemProxy;
			containerPortal = 61C9C8FF252D45CD00CA32A4 /* Project object */;
			proxyType = 1;
			remoteGlobalIDString = 61C9C906252D45CD00CA32A4;
			remoteInfo = TodaysToDo;
		};
		61C9C929252D45CF00CA32A4 /* PBXContainerItemProxy */ = {
			isa = PBXContainerItemProxy;
			containerPortal = 61C9C8FF252D45CD00CA32A4 /* Project object */;
			proxyType = 1;
			remoteGlobalIDString = 61C9C906252D45CD00CA32A4;
			remoteInfo = TodaysToDo;
		};
/* End PBXContainerItemProxy section */

/* Begin PBXFileReference section */
		215F549D927F5D709CF247AC /* Pods-TodaysToDo.release.xcconfig */ = {isa = PBXFileReference; includeInIndex = 1; lastKnownFileType = text.xcconfig; name = "Pods-TodaysToDo.release.xcconfig"; path = "Target Support Files/Pods-TodaysToDo/Pods-TodaysToDo.release.xcconfig"; sourceTree = "<group>"; };
		6120D8E8259575FD0016989A /* ToDoLogicModel.swift */ = {isa = PBXFileReference; lastKnownFileType = sourcecode.swift; path = ToDoLogicModel.swift; sourceTree = "<group>"; };
		6120D8ED259576130016989A /* MainViewModel.swift */ = {isa = PBXFileReference; lastKnownFileType = sourcecode.swift; path = MainViewModel.swift; sourceTree = "<group>"; };
		6120D8F22595762A0016989A /* PopupViewModel.swift */ = {isa = PBXFileReference; lastKnownFileType = sourcecode.swift; path = PopupViewModel.swift; sourceTree = "<group>"; };
		6120D8FA259576450016989A /* TableViewModel.swift */ = {isa = PBXFileReference; lastKnownFileType = sourcecode.swift; path = TableViewModel.swift; sourceTree = "<group>"; };
		6120D902259576590016989A /* AnalyticsViewModel.swift */ = {isa = PBXFileReference; lastKnownFileType = sourcecode.swift; path = AnalyticsViewModel.swift; sourceTree = "<group>"; };
		612DCB6B258DA7AF004E9368 /* ToDoListViewController.swift */ = {isa = PBXFileReference; lastKnownFileType = sourcecode.swift; path = ToDoListViewController.swift; sourceTree = "<group>"; };
		612DCBC5258F01A4004E9368 /* R.generated.swift */ = {isa = PBXFileReference; fileEncoding = 4; lastKnownFileType = sourcecode.swift; path = R.generated.swift; sourceTree = "<group>"; };
		6132E1DC256A51270044D3D9 /* CustomExtension.swift */ = {isa = PBXFileReference; lastKnownFileType = sourcecode.swift; path = CustomExtension.swift; sourceTree = "<group>"; };
		613D1A65254713EA00DCCAAB /* PopupViewController.swift */ = {isa = PBXFileReference; lastKnownFileType = sourcecode.swift; path = PopupViewController.swift; sourceTree = "<group>"; };
		613D1A702547252A00DCCAAB /* Popup.storyboard */ = {isa = PBXFileReference; lastKnownFileType = file.storyboard; path = Popup.storyboard; sourceTree = "<group>"; };
		6146318B25734FA0004CC4E6 /* GraphView.swift */ = {isa = PBXFileReference; lastKnownFileType = sourcecode.swift; path = GraphView.swift; sourceTree = "<group>"; };
		614BCDCC255D19450068A2CA /* タスク編集と削除.mp4 */ = {isa = PBXFileReference; lastKnownFileType = file; path = "タスク編集と削除.mp4"; sourceTree = "<group>"; };
		614BCDCD255D19450068A2CA /* タスク作成.mp4 */ = {isa = PBXFileReference; lastKnownFileType = file; path = "タスク作成.mp4"; sourceTree = "<group>"; };
		614BCDCE255D19450068A2CA /* アラート.mp4 */ = {isa = PBXFileReference; lastKnownFileType = file; path = "アラート.mp4"; sourceTree = "<group>"; };
		614BCDDB255D32920068A2CA /* PlayerView.swift */ = {isa = PBXFileReference; lastKnownFileType = sourcecode.swift; path = PlayerView.swift; sourceTree = "<group>"; };
		614BCDEE255F8D140068A2CA /* SettingsValue.swift */ = {isa = PBXFileReference; lastKnownFileType = sourcecode.swift; path = SettingsValue.swift; sourceTree = "<group>"; };
		6169D059253DD9EF0032DA92 /* NewToDoItemCell.xib */ = {isa = PBXFileReference; lastKnownFileType = file.xib; path = NewToDoItemCell.xib; sourceTree = "<group>"; };
		6169D062253E75F70032DA92 /* NewToDoItemCell.swift */ = {isa = PBXFileReference; lastKnownFileType = sourcecode.swift; path = NewToDoItemCell.swift; sourceTree = "<group>"; };
		616CF6FB2593090B00F1F634 /* SettingsModel.swift */ = {isa = PBXFileReference; lastKnownFileType = sourcecode.swift; path = SettingsModel.swift; sourceTree = "<group>"; };
		616CF70925930F9000F1F634 /* SettingsViewModel.swift */ = {isa = PBXFileReference; lastKnownFileType = sourcecode.swift; path = SettingsViewModel.swift; sourceTree = "<group>"; };
		617FC6E3254B034B005DC7FF /* TableViewController.swift */ = {isa = PBXFileReference; lastKnownFileType = sourcecode.swift; path = TableViewController.swift; sourceTree = "<group>"; };
		617FC6E4254B034B005DC7FF /* TableViewController.xib */ = {isa = PBXFileReference; lastKnownFileType = file.xib; path = TableViewController.xib; sourceTree = "<group>"; };
		618EE4EC2539C6AE0085501C /* IdentifierType.swift */ = {isa = PBXFileReference; lastKnownFileType = sourcecode.swift; path = IdentifierType.swift; sourceTree = "<group>"; };
		6193D8C625569B6C00A148C1 /* CustomAlertViewController.swift */ = {isa = PBXFileReference; lastKnownFileType = sourcecode.swift; path = CustomAlertViewController.swift; sourceTree = "<group>"; };
		6193D8CD25569C3F00A148C1 /* CustomAlert.storyboard */ = {isa = PBXFileReference; lastKnownFileType = file.storyboard; path = CustomAlert.storyboard; sourceTree = "<group>"; };
		6193D8D8255A37BC00A148C1 /* HelpDetail.storyboard */ = {isa = PBXFileReference; lastKnownFileType = file.storyboard; path = HelpDetail.storyboard; sourceTree = "<group>"; };
		6193D8E1255A3C7300A148C1 /* HelpDetailViewController.swift */ = {isa = PBXFileReference; lastKnownFileType = sourcecode.swift; path = HelpDetailViewController.swift; sourceTree = "<group>"; };
		61AF3AD62531F6FE001BE560 /* SettingsViewController.swift */ = {isa = PBXFileReference; lastKnownFileType = sourcecode.swift; path = SettingsViewController.swift; sourceTree = "<group>"; };
		61AF3ADB2531F772001BE560 /* AnalyticsViewController.swift */ = {isa = PBXFileReference; lastKnownFileType = sourcecode.swift; path = AnalyticsViewController.swift; sourceTree = "<group>"; };
		61AF3AE02531FCB5001BE560 /* MainViewController.swift */ = {isa = PBXFileReference; lastKnownFileType = sourcecode.swift; path = MainViewController.swift; sourceTree = "<group>"; };
		61AF3AF4253297AD001BE560 /* Analytics.storyboard */ = {isa = PBXFileReference; lastKnownFileType = file.storyboard; path = Analytics.storyboard; sourceTree = "<group>"; };
		61AF3AF9253297B7001BE560 /* Settings.storyboard */ = {isa = PBXFileReference; lastKnownFileType = file.storyboard; path = Settings.storyboard; sourceTree = "<group>"; };
		61C9C907252D45CD00CA32A4 /* TodaysToDo.app */ = {isa = PBXFileReference; explicitFileType = wrapper.application; includeInIndex = 0; path = TodaysToDo.app; sourceTree = BUILT_PRODUCTS_DIR; };
		61C9C90A252D45CD00CA32A4 /* AppDelegate.swift */ = {isa = PBXFileReference; lastKnownFileType = sourcecode.swift; path = AppDelegate.swift; sourceTree = "<group>"; };
		61C9C90C252D45CD00CA32A4 /* SceneDelegate.swift */ = {isa = PBXFileReference; lastKnownFileType = sourcecode.swift; path = SceneDelegate.swift; sourceTree = "<group>"; };
		61C9C911252D45CD00CA32A4 /* Base */ = {isa = PBXFileReference; lastKnownFileType = file.storyboard; name = Base; path = Base.lproj/Main.storyboard; sourceTree = "<group>"; };
		61C9C913252D45CE00CA32A4 /* Assets.xcassets */ = {isa = PBXFileReference; lastKnownFileType = folder.assetcatalog; path = Assets.xcassets; sourceTree = "<group>"; };
		61C9C916252D45CE00CA32A4 /* Base */ = {isa = PBXFileReference; lastKnownFileType = file.storyboard; name = Base; path = Base.lproj/LaunchScreen.storyboard; sourceTree = "<group>"; };
		61C9C918252D45CE00CA32A4 /* Info.plist */ = {isa = PBXFileReference; lastKnownFileType = text.plist.xml; path = Info.plist; sourceTree = "<group>"; };
		61C9C91D252D45CF00CA32A4 /* TodaysToDoTests.xctest */ = {isa = PBXFileReference; explicitFileType = wrapper.cfbundle; includeInIndex = 0; path = TodaysToDoTests.xctest; sourceTree = BUILT_PRODUCTS_DIR; };
		61C9C921252D45CF00CA32A4 /* TodaysToDoTests.swift */ = {isa = PBXFileReference; lastKnownFileType = sourcecode.swift; path = TodaysToDoTests.swift; sourceTree = "<group>"; };
		61C9C923252D45CF00CA32A4 /* Info.plist */ = {isa = PBXFileReference; lastKnownFileType = text.plist.xml; path = Info.plist; sourceTree = "<group>"; };
		61C9C928252D45CF00CA32A4 /* TodaysToDoUITests.xctest */ = {isa = PBXFileReference; explicitFileType = wrapper.cfbundle; includeInIndex = 0; path = TodaysToDoUITests.xctest; sourceTree = BUILT_PRODUCTS_DIR; };
		61C9C92C252D45CF00CA32A4 /* TodaysToDoUITests.swift */ = {isa = PBXFileReference; lastKnownFileType = sourcecode.swift; path = TodaysToDoUITests.swift; sourceTree = "<group>"; };
		61C9C92E252D45CF00CA32A4 /* Info.plist */ = {isa = PBXFileReference; lastKnownFileType = text.plist.xml; path = Info.plist; sourceTree = "<group>"; };
		61D934D025943B2600DBEB1C /* ToDoListModel.swift */ = {isa = PBXFileReference; lastKnownFileType = sourcecode.swift; path = ToDoListModel.swift; sourceTree = "<group>"; };
		61D934D525943B3000DBEB1C /* ToDoListViewModel.swift */ = {isa = PBXFileReference; lastKnownFileType = sourcecode.swift; path = ToDoListViewModel.swift; sourceTree = "<group>"; };
		61E3A2902553F6F200258DC5 /* HelpViewController.swift */ = {isa = PBXFileReference; lastKnownFileType = sourcecode.swift; path = HelpViewController.swift; sourceTree = "<group>"; };
		61E6E12C2534875200052F14 /* CustomTabBarController.storyboard */ = {isa = PBXFileReference; lastKnownFileType = file.storyboard; path = CustomTabBarController.storyboard; sourceTree = "<group>"; };
		61E6E131253487F700052F14 /* CustomTabBarController.swift */ = {isa = PBXFileReference; lastKnownFileType = sourcecode.swift; path = CustomTabBarController.swift; sourceTree = "<group>"; };
		61E6E1442537BB4700052F14 /* ToDoModel.swift */ = {isa = PBXFileReference; lastKnownFileType = sourcecode.swift; path = ToDoModel.swift; sourceTree = "<group>"; };
		61E6E1C92538384700052F14 /* ToDoItemCell.swift */ = {isa = PBXFileReference; lastKnownFileType = sourcecode.swift; path = ToDoItemCell.swift; sourceTree = "<group>"; };
		61E6E1CA2538384700052F14 /* ToDoItemCell.xib */ = {isa = PBXFileReference; lastKnownFileType = file.xib; path = ToDoItemCell.xib; sourceTree = "<group>"; };
		669FF29315A26079A076EDD9 /* Pods-TodaysToDo.debug.xcconfig */ = {isa = PBXFileReference; includeInIndex = 1; lastKnownFileType = text.xcconfig; name = "Pods-TodaysToDo.debug.xcconfig"; path = "Target Support Files/Pods-TodaysToDo/Pods-TodaysToDo.debug.xcconfig"; sourceTree = "<group>"; };
		74DA0A811A92E5DF236FC7DD /* Pods_TodaysToDo.framework */ = {isa = PBXFileReference; explicitFileType = wrapper.framework; includeInIndex = 0; path = Pods_TodaysToDo.framework; sourceTree = BUILT_PRODUCTS_DIR; };
/* End PBXFileReference section */

/* Begin PBXFrameworksBuildPhase section */
		61C9C904252D45CD00CA32A4 /* Frameworks */ = {
			isa = PBXFrameworksBuildPhase;
			buildActionMask = 2147483647;
			files = (
				CE9F207A9DAFD1877F5BC691 /* Pods_TodaysToDo.framework in Frameworks */,
			);
			runOnlyForDeploymentPostprocessing = 0;
		};
		61C9C91A252D45CF00CA32A4 /* Frameworks */ = {
			isa = PBXFrameworksBuildPhase;
			buildActionMask = 2147483647;
			files = (
			);
			runOnlyForDeploymentPostprocessing = 0;
		};
		61C9C925252D45CF00CA32A4 /* Frameworks */ = {
			isa = PBXFrameworksBuildPhase;
			buildActionMask = 2147483647;
			files = (
			);
			runOnlyForDeploymentPostprocessing = 0;
		};
/* End PBXFrameworksBuildPhase section */

/* Begin PBXGroup section */
		59CE9AAB18F114AB7985D5D7 /* Pods */ = {
			isa = PBXGroup;
			children = (
				669FF29315A26079A076EDD9 /* Pods-TodaysToDo.debug.xcconfig */,
				215F549D927F5D709CF247AC /* Pods-TodaysToDo.release.xcconfig */,
			);
			path = Pods;
			sourceTree = "<group>";
		};
		6132E1DB256A51080044D3D9 /* CustomExtension */ = {
			isa = PBXGroup;
			children = (
				6132E1DC256A51270044D3D9 /* CustomExtension.swift */,
			);
			path = CustomExtension;
			sourceTree = "<group>";
		};
		613D1A57254469DC00DCCAAB /* Cell */ = {
			isa = PBXGroup;
			children = (
				61E6E1C92538384700052F14 /* ToDoItemCell.swift */,
				61E6E1CA2538384700052F14 /* ToDoItemCell.xib */,
				6169D059253DD9EF0032DA92 /* NewToDoItemCell.xib */,
				6169D062253E75F70032DA92 /* NewToDoItemCell.swift */,
			);
			path = Cell;
			sourceTree = "<group>";
		};
		614BCDCB255D18F10068A2CA /* Movies */ = {
			isa = PBXGroup;
			children = (
				614BCDCE255D19450068A2CA /* アラート.mp4 */,
				614BCDCD255D19450068A2CA /* タスク作成.mp4 */,
				614BCDCC255D19450068A2CA /* タスク編集と削除.mp4 */,
			);
			path = Movies;
			sourceTree = "<group>";
		};
		617FC6D8254B025F005DC7FF /* Popup */ = {
			isa = PBXGroup;
			children = (
				613D1A65254713EA00DCCAAB /* PopupViewController.swift */,
				6120D8F22595762A0016989A /* PopupViewModel.swift */,
				617FC6E3254B034B005DC7FF /* TableViewController.swift */,
				6120D8FA259576450016989A /* TableViewModel.swift */,
				617FC6E4254B034B005DC7FF /* TableViewController.xib */,
			);
			path = Popup;
			sourceTree = "<group>";
		};
		618EE4E32539C34B0085501C /* Main */ = {
			isa = PBXGroup;
			children = (
				61AF3AE02531FCB5001BE560 /* MainViewController.swift */,
				6120D8ED259576130016989A /* MainViewModel.swift */,
				612DCB6B258DA7AF004E9368 /* ToDoListViewController.swift */,
				61D934D025943B2600DBEB1C /* ToDoListModel.swift */,
				61D934D525943B3000DBEB1C /* ToDoListViewModel.swift */,
				617FC6D8254B025F005DC7FF /* Popup */,
				613D1A57254469DC00DCCAAB /* Cell */,
			);
			path = Main;
			sourceTree = "<group>";
		};
		618EE4E72539C3520085501C /* Analytics */ = {
			isa = PBXGroup;
			children = (
				61AF3ADB2531F772001BE560 /* AnalyticsViewController.swift */,
				6120D902259576590016989A /* AnalyticsViewModel.swift */,
				6146318B25734FA0004CC4E6 /* GraphView.swift */,
			);
			path = Analytics;
			sourceTree = "<group>";
		};
		618EE4E82539C3630085501C /* Settings */ = {
			isa = PBXGroup;
			children = (
				61AF3AD62531F6FE001BE560 /* SettingsViewController.swift */,
				616CF6FB2593090B00F1F634 /* SettingsModel.swift */,
				616CF70925930F9000F1F634 /* SettingsViewModel.swift */,
				614BCDEE255F8D140068A2CA /* SettingsValue.swift */,
				61E3A29F2553F79C00258DC5 /* Menu */,
				6193D8AA25568B4A00A148C1 /* CustomAlertView */,
			);
			path = Settings;
			sourceTree = "<group>";
		};
		618EE4E92539C36C0085501C /* CustomTabBar */ = {
			isa = PBXGroup;
			children = (
				61E6E131253487F700052F14 /* CustomTabBarController.swift */,
			);
			path = CustomTabBar;
			sourceTree = "<group>";
		};
		618EE4EA2539C5240085501C /* Identifier */ = {
			isa = PBXGroup;
			children = (
				618EE4EC2539C6AE0085501C /* IdentifierType.swift */,
			);
			path = Identifier;
			sourceTree = "<group>";
		};
		6193D8AA25568B4A00A148C1 /* CustomAlertView */ = {
			isa = PBXGroup;
			children = (
				6193D8C625569B6C00A148C1 /* CustomAlertViewController.swift */,
			);
			path = CustomAlertView;
			sourceTree = "<group>";
		};
		6193D8DD255A37C800A148C1 /* Settings */ = {
			isa = PBXGroup;
			children = (
				61AF3AF9253297B7001BE560 /* Settings.storyboard */,
				6193D8CD25569C3F00A148C1 /* CustomAlert.storyboard */,
				6193D8D8255A37BC00A148C1 /* HelpDetail.storyboard */,
			);
			path = Settings;
			sourceTree = "<group>";
		};
		61AF3AE72531FD27001BE560 /* Controller */ = {
			isa = PBXGroup;
			children = (
				618EE4E32539C34B0085501C /* Main */,
				618EE4E72539C3520085501C /* Analytics */,
				618EE4E82539C3630085501C /* Settings */,
				618EE4E92539C36C0085501C /* CustomTabBar */,
			);
			path = Controller;
			sourceTree = "<group>";
		};
		61AF3AF325329777001BE560 /* View */ = {
			isa = PBXGroup;
			children = (
				61C9C910252D45CD00CA32A4 /* Main.storyboard */,
				61AF3AF4253297AD001BE560 /* Analytics.storyboard */,
				61E6E12C2534875200052F14 /* CustomTabBarController.storyboard */,
				613D1A702547252A00DCCAAB /* Popup.storyboard */,
				6193D8DD255A37C800A148C1 /* Settings */,
			);
			path = View;
			sourceTree = "<group>";
		};
		61C9C8FE252D45CD00CA32A4 = {
			isa = PBXGroup;
			children = (
				612DCBC5258F01A4004E9368 /* R.generated.swift */,
				61C9C909252D45CD00CA32A4 /* TodaysToDo */,
				61C9C920252D45CF00CA32A4 /* TodaysToDoTests */,
				61C9C92B252D45CF00CA32A4 /* TodaysToDoUITests */,
				61C9C908252D45CD00CA32A4 /* Products */,
				59CE9AAB18F114AB7985D5D7 /* Pods */,
				9B1170DE63CA80EBD60120C8 /* Frameworks */,
			);
			sourceTree = "<group>";
		};
		61C9C908252D45CD00CA32A4 /* Products */ = {
			isa = PBXGroup;
			children = (
				61C9C907252D45CD00CA32A4 /* TodaysToDo.app */,
				61C9C91D252D45CF00CA32A4 /* TodaysToDoTests.xctest */,
				61C9C928252D45CF00CA32A4 /* TodaysToDoUITests.xctest */,
			);
			name = Products;
			sourceTree = "<group>";
		};
		61C9C909252D45CD00CA32A4 /* TodaysToDo */ = {
			isa = PBXGroup;
			children = (
				6132E1DB256A51080044D3D9 /* CustomExtension */,
				618EE4EA2539C5240085501C /* Identifier */,
				61E6E1432537BAFE00052F14 /* Model */,
				61AF3AF325329777001BE560 /* View */,
				61AF3AE72531FD27001BE560 /* Controller */,
				614BCDCB255D18F10068A2CA /* Movies */,
				61C9C90A252D45CD00CA32A4 /* AppDelegate.swift */,
				61C9C90C252D45CD00CA32A4 /* SceneDelegate.swift */,
				61C9C913252D45CE00CA32A4 /* Assets.xcassets */,
				61C9C915252D45CE00CA32A4 /* LaunchScreen.storyboard */,
				61C9C918252D45CE00CA32A4 /* Info.plist */,
			);
			path = TodaysToDo;
			sourceTree = "<group>";
		};
		61C9C920252D45CF00CA32A4 /* TodaysToDoTests */ = {
			isa = PBXGroup;
			children = (
				61C9C921252D45CF00CA32A4 /* TodaysToDoTests.swift */,
				61C9C923252D45CF00CA32A4 /* Info.plist */,
			);
			path = TodaysToDoTests;
			sourceTree = "<group>";
		};
		61C9C92B252D45CF00CA32A4 /* TodaysToDoUITests */ = {
			isa = PBXGroup;
			children = (
				61C9C92C252D45CF00CA32A4 /* TodaysToDoUITests.swift */,
				61C9C92E252D45CF00CA32A4 /* Info.plist */,
			);
			path = TodaysToDoUITests;
			sourceTree = "<group>";
		};
		61E3A29F2553F79C00258DC5 /* Menu */ = {
			isa = PBXGroup;
			children = (
				61E3A2902553F6F200258DC5 /* HelpViewController.swift */,
				6193D8E1255A3C7300A148C1 /* HelpDetailViewController.swift */,
				614BCDDB255D32920068A2CA /* PlayerView.swift */,
			);
			path = Menu;
			sourceTree = "<group>";
		};
		61E6E1432537BAFE00052F14 /* Model */ = {
			isa = PBXGroup;
			children = (
				61E6E1442537BB4700052F14 /* ToDoModel.swift */,
				6120D8E8259575FD0016989A /* ToDoLogicModel.swift */,
			);
			path = Model;
			sourceTree = "<group>";
		};
		9B1170DE63CA80EBD60120C8 /* Frameworks */ = {
			isa = PBXGroup;
			children = (
				74DA0A811A92E5DF236FC7DD /* Pods_TodaysToDo.framework */,
			);
			name = Frameworks;
			sourceTree = "<group>";
		};
/* End PBXGroup section */

/* Begin PBXNativeTarget section */
		61C9C906252D45CD00CA32A4 /* TodaysToDo */ = {
			isa = PBXNativeTarget;
			buildConfigurationList = 61C9C931252D45CF00CA32A4 /* Build configuration list for PBXNativeTarget "TodaysToDo" */;
			buildPhases = (
				B7C2A49E366904D3E2CD6E06 /* [CP] Check Pods Manifest.lock */,
				61C9C904252D45CD00CA32A4 /* Frameworks */,
				61C9C905252D45CD00CA32A4 /* Resources */,
				612DCBCD258F0635004E9368 /* ShellScript */,
				61C9C940252D775A00CA32A4 /* ShellScript */,
				6C881B5D148122E2786B1418 /* [CP] Embed Pods Frameworks */,
				61C9C903252D45CD00CA32A4 /* Sources */,
			);
			buildRules = (
			);
			dependencies = (
			);
			name = TodaysToDo;
			productName = TodaysToDo;
			productReference = 61C9C907252D45CD00CA32A4 /* TodaysToDo.app */;
			productType = "com.apple.product-type.application";
		};
		61C9C91C252D45CF00CA32A4 /* TodaysToDoTests */ = {
			isa = PBXNativeTarget;
			buildConfigurationList = 61C9C934252D45CF00CA32A4 /* Build configuration list for PBXNativeTarget "TodaysToDoTests" */;
			buildPhases = (
				61C9C919252D45CF00CA32A4 /* Sources */,
				61C9C91A252D45CF00CA32A4 /* Frameworks */,
				61C9C91B252D45CF00CA32A4 /* Resources */,
				61C9C941252D776400CA32A4 /* ShellScript */,
			);
			buildRules = (
			);
			dependencies = (
				61C9C91F252D45CF00CA32A4 /* PBXTargetDependency */,
			);
			name = TodaysToDoTests;
			productName = TodaysToDoTests;
			productReference = 61C9C91D252D45CF00CA32A4 /* TodaysToDoTests.xctest */;
			productType = "com.apple.product-type.bundle.unit-test";
		};
		61C9C927252D45CF00CA32A4 /* TodaysToDoUITests */ = {
			isa = PBXNativeTarget;
			buildConfigurationList = 61C9C937252D45CF00CA32A4 /* Build configuration list for PBXNativeTarget "TodaysToDoUITests" */;
			buildPhases = (
				61C9C924252D45CF00CA32A4 /* Sources */,
				61C9C925252D45CF00CA32A4 /* Frameworks */,
				61C9C926252D45CF00CA32A4 /* Resources */,
			);
			buildRules = (
			);
			dependencies = (
				61C9C92A252D45CF00CA32A4 /* PBXTargetDependency */,
			);
			name = TodaysToDoUITests;
			productName = TodaysToDoUITests;
			productReference = 61C9C928252D45CF00CA32A4 /* TodaysToDoUITests.xctest */;
			productType = "com.apple.product-type.bundle.ui-testing";
		};
/* End PBXNativeTarget section */

/* Begin PBXProject section */
		61C9C8FF252D45CD00CA32A4 /* Project object */ = {
			isa = PBXProject;
			attributes = {
				LastSwiftUpdateCheck = 1200;
				LastUpgradeCheck = 1200;
				TargetAttributes = {
					61C9C906252D45CD00CA32A4 = {
						CreatedOnToolsVersion = 12.0.1;
					};
					61C9C91C252D45CF00CA32A4 = {
						CreatedOnToolsVersion = 12.0.1;
						TestTargetID = 61C9C906252D45CD00CA32A4;
					};
					61C9C927252D45CF00CA32A4 = {
						CreatedOnToolsVersion = 12.0.1;
						TestTargetID = 61C9C906252D45CD00CA32A4;
					};
				};
			};
			buildConfigurationList = 61C9C902252D45CD00CA32A4 /* Build configuration list for PBXProject "TodaysToDo" */;
			compatibilityVersion = "Xcode 9.3";
			developmentRegion = en;
			hasScannedForEncodings = 0;
			knownRegions = (
				en,
				Base,
			);
			mainGroup = 61C9C8FE252D45CD00CA32A4;
			productRefGroup = 61C9C908252D45CD00CA32A4 /* Products */;
			projectDirPath = "";
			projectRoot = "";
			targets = (
				61C9C906252D45CD00CA32A4 /* TodaysToDo */,
				61C9C91C252D45CF00CA32A4 /* TodaysToDoTests */,
				61C9C927252D45CF00CA32A4 /* TodaysToDoUITests */,
			);
		};
/* End PBXProject section */

/* Begin PBXResourcesBuildPhase section */
		61C9C905252D45CD00CA32A4 /* Resources */ = {
			isa = PBXResourcesBuildPhase;
			buildActionMask = 2147483647;
			files = (
				614BCDD6255D1E610068A2CA /* アラート.mp4 in Resources */,
				614BCDD7255D1E610068A2CA /* タスク作成.mp4 in Resources */,
				614BCDD2255D1E580068A2CA /* タスク編集と削除.mp4 in Resources */,
				61C9C917252D45CE00CA32A4 /* LaunchScreen.storyboard in Resources */,
				61E6E1CC2538384700052F14 /* ToDoItemCell.xib in Resources */,
				61C9C914252D45CE00CA32A4 /* Assets.xcassets in Resources */,
				6169D05B253DD9EF0032DA92 /* NewToDoItemCell.xib in Resources */,
				617FC6E6254B034B005DC7FF /* TableViewController.xib in Resources */,
				61C9C912252D45CD00CA32A4 /* Main.storyboard in Resources */,
				61AF3AF5253297AD001BE560 /* Analytics.storyboard in Resources */,
				61AF3AFA253297B7001BE560 /* Settings.storyboard in Resources */,
				61E6E12D2534875200052F14 /* CustomTabBarController.storyboard in Resources */,
				613D1A712547252A00DCCAAB /* Popup.storyboard in Resources */,
				6193D8CE25569C3F00A148C1 /* CustomAlert.storyboard in Resources */,
				6193D8D9255A37BC00A148C1 /* HelpDetail.storyboard in Resources */,
			);
			runOnlyForDeploymentPostprocessing = 0;
		};
		61C9C91B252D45CF00CA32A4 /* Resources */ = {
			isa = PBXResourcesBuildPhase;
			buildActionMask = 2147483647;
			files = (
			);
			runOnlyForDeploymentPostprocessing = 0;
		};
		61C9C926252D45CF00CA32A4 /* Resources */ = {
			isa = PBXResourcesBuildPhase;
			buildActionMask = 2147483647;
			files = (
			);
			runOnlyForDeploymentPostprocessing = 0;
		};
/* End PBXResourcesBuildPhase section */

/* Begin PBXShellScriptBuildPhase section */
		612DCBCD258F0635004E9368 /* ShellScript */ = {
			isa = PBXShellScriptBuildPhase;
			buildActionMask = 2147483647;
			files = (
			);
			inputFileListPaths = (
			);
			inputPaths = (
			);
			outputFileListPaths = (
			);
			outputPaths = (
			);
			runOnlyForDeploymentPostprocessing = 0;
			shellPath = /bin/sh;
			shellScript = "# Type a script or drag a script file from your workspace to insert its path.\n\"${PODS_ROOT}/SwiftLint/swiftlint\"\n";
		};
		61C9C940252D775A00CA32A4 /* ShellScript */ = {
			isa = PBXShellScriptBuildPhase;
			buildActionMask = 2147483647;
			files = (
			);
			inputFileListPaths = (
			);
			inputPaths = (
				"$TEMP_DIR/rswift-lastrun",
			);
			outputFileListPaths = (
			);
			outputPaths = (
				$SRCROOT/R.generated.swift,
			);
			runOnlyForDeploymentPostprocessing = 0;
			shellPath = /bin/sh;
			shellScript = "# Type a script or drag a script file from your workspace to insert its path.\n\"$PODS_ROOT/R.swift/rswift\" generate \"$SRCROOT/R.generated.swift\"\n";
		};
		61C9C941252D776400CA32A4 /* ShellScript */ = {
			isa = PBXShellScriptBuildPhase;
			buildActionMask = 2147483647;
			files = (
			);
			inputFileListPaths = (
			);
			inputPaths = (
			);
			outputFileListPaths = (
			);
			outputPaths = (
			);
			runOnlyForDeploymentPostprocessing = 0;
			shellPath = /bin/sh;
			shellScript = "# Type a script or drag a script file from your workspace to insert its path.\n\n\n";
		};
		6C881B5D148122E2786B1418 /* [CP] Embed Pods Frameworks */ = {
			isa = PBXShellScriptBuildPhase;
			buildActionMask = 2147483647;
			files = (
			);
			inputFileListPaths = (
				"${PODS_ROOT}/Target Support Files/Pods-TodaysToDo/Pods-TodaysToDo-frameworks-${CONFIGURATION}-input-files.xcfilelist",
			);
			name = "[CP] Embed Pods Frameworks";
			outputFileListPaths = (
				"${PODS_ROOT}/Target Support Files/Pods-TodaysToDo/Pods-TodaysToDo-frameworks-${CONFIGURATION}-output-files.xcfilelist",
			);
			runOnlyForDeploymentPostprocessing = 0;
			shellPath = /bin/sh;
			shellScript = "\"${PODS_ROOT}/Target Support Files/Pods-TodaysToDo/Pods-TodaysToDo-frameworks.sh\"\n";
			showEnvVarsInLog = 0;
		};
		B7C2A49E366904D3E2CD6E06 /* [CP] Check Pods Manifest.lock */ = {
			isa = PBXShellScriptBuildPhase;
			buildActionMask = 2147483647;
			files = (
			);
			inputFileListPaths = (
			);
			inputPaths = (
				"${PODS_PODFILE_DIR_PATH}/Podfile.lock",
				"${PODS_ROOT}/Manifest.lock",
			);
			name = "[CP] Check Pods Manifest.lock";
			outputFileListPaths = (
			);
			outputPaths = (
				"$(DERIVED_FILE_DIR)/Pods-TodaysToDo-checkManifestLockResult.txt",
			);
			runOnlyForDeploymentPostprocessing = 0;
			shellPath = /bin/sh;
			shellScript = "diff \"${PODS_PODFILE_DIR_PATH}/Podfile.lock\" \"${PODS_ROOT}/Manifest.lock\" > /dev/null\nif [ $? != 0 ] ; then\n    # print error to STDERR\n    echo \"error: The sandbox is not in sync with the Podfile.lock. Run 'pod install' or update your CocoaPods installation.\" >&2\n    exit 1\nfi\n# This output is used by Xcode 'outputs' to avoid re-running this script phase.\necho \"SUCCESS\" > \"${SCRIPT_OUTPUT_FILE_0}\"\n";
			showEnvVarsInLog = 0;
		};
/* End PBXShellScriptBuildPhase section */

/* Begin PBXSourcesBuildPhase section */
		61C9C903252D45CD00CA32A4 /* Sources */ = {
			isa = PBXSourcesBuildPhase;
			buildActionMask = 2147483647;
			files = (
				614BCDEF255F8D140068A2CA /* SettingsValue.swift in Sources */,
				61D934D125943B2600DBEB1C /* ToDoListModel.swift in Sources */,
				6193D8C825569B6C00A148C1 /* CustomAlertViewController.swift in Sources */,
				61E6E1CB2538384700052F14 /* ToDoItemCell.swift in Sources */,
				6193D8E2255A3C7400A148C1 /* HelpDetailViewController.swift in Sources */,
				61E6E1452537BB4700052F14 /* ToDoModel.swift in Sources */,
				618EE4ED2539C6AE0085501C /* IdentifierType.swift in Sources */,
				61C9C90B252D45CD00CA32A4 /* AppDelegate.swift in Sources */,
				61AF3ADC2531F772001BE560 /* AnalyticsViewController.swift in Sources */,
				614BCDDC255D32920068A2CA /* PlayerView.swift in Sources */,
				61E6E132253487F700052F14 /* CustomTabBarController.swift in Sources */,
				6132E1DD256A51270044D3D9 /* CustomExtension.swift in Sources */,
				6120D8E9259575FD0016989A /* ToDoLogicModel.swift in Sources */,
				612DCBC6258F01A4004E9368 /* R.generated.swift in Sources */,
				61AF3AE12531FCB5001BE560 /* MainViewController.swift in Sources */,
				6120D8FB259576450016989A /* TableViewModel.swift in Sources */,
				6120D8F32595762A0016989A /* PopupViewModel.swift in Sources */,
				61D934D625943B3000DBEB1C /* ToDoListViewModel.swift in Sources */,
				61C9C90D252D45CD00CA32A4 /* SceneDelegate.swift in Sources */,
				6120D8EE259576130016989A /* MainViewModel.swift in Sources */,
				612DCB6C258DA7AF004E9368 /* ToDoListViewController.swift in Sources */,
				61E3A2912553F6F200258DC5 /* HelpViewController.swift in Sources */,
				61AF3AD72531F6FE001BE560 /* SettingsViewController.swift in Sources */,
				6169D063253E75F70032DA92 /* NewToDoItemCell.swift in Sources */,
				617FC6E5254B034B005DC7FF /* TableViewController.swift in Sources */,
				616CF6FC2593090B00F1F634 /* SettingsModel.swift in Sources */,
				613D1A66254713EA00DCCAAB /* PopupViewController.swift in Sources */,
				616CF70A25930F9000F1F634 /* SettingsViewModel.swift in Sources */,
				6146318C25734FA0004CC4E6 /* GraphView.swift in Sources */,
				6120D903259576590016989A /* AnalyticsViewModel.swift in Sources */,
			);
			runOnlyForDeploymentPostprocessing = 0;
		};
		61C9C919252D45CF00CA32A4 /* Sources */ = {
			isa = PBXSourcesBuildPhase;
			buildActionMask = 2147483647;
			files = (
				61C9C922252D45CF00CA32A4 /* TodaysToDoTests.swift in Sources */,
			);
			runOnlyForDeploymentPostprocessing = 0;
		};
		61C9C924252D45CF00CA32A4 /* Sources */ = {
			isa = PBXSourcesBuildPhase;
			buildActionMask = 2147483647;
			files = (
				61C9C92D252D45CF00CA32A4 /* TodaysToDoUITests.swift in Sources */,
			);
			runOnlyForDeploymentPostprocessing = 0;
		};
/* End PBXSourcesBuildPhase section */

/* Begin PBXTargetDependency section */
		61C9C91F252D45CF00CA32A4 /* PBXTargetDependency */ = {
			isa = PBXTargetDependency;
			target = 61C9C906252D45CD00CA32A4 /* TodaysToDo */;
			targetProxy = 61C9C91E252D45CF00CA32A4 /* PBXContainerItemProxy */;
		};
		61C9C92A252D45CF00CA32A4 /* PBXTargetDependency */ = {
			isa = PBXTargetDependency;
			target = 61C9C906252D45CD00CA32A4 /* TodaysToDo */;
			targetProxy = 61C9C929252D45CF00CA32A4 /* PBXContainerItemProxy */;
		};
/* End PBXTargetDependency section */

/* Begin PBXVariantGroup section */
		61C9C910252D45CD00CA32A4 /* Main.storyboard */ = {
			isa = PBXVariantGroup;
			children = (
				61C9C911252D45CD00CA32A4 /* Base */,
			);
			name = Main.storyboard;
			sourceTree = "<group>";
		};
		61C9C915252D45CE00CA32A4 /* LaunchScreen.storyboard */ = {
			isa = PBXVariantGroup;
			children = (
				61C9C916252D45CE00CA32A4 /* Base */,
			);
			name = LaunchScreen.storyboard;
			sourceTree = "<group>";
		};
/* End PBXVariantGroup section */

/* Begin XCBuildConfiguration section */
		61C9C92F252D45CF00CA32A4 /* Debug */ = {
			isa = XCBuildConfiguration;
			buildSettings = {
				ALWAYS_SEARCH_USER_PATHS = NO;
				CLANG_ANALYZER_NONNULL = YES;
				CLANG_ANALYZER_NUMBER_OBJECT_CONVERSION = YES_AGGRESSIVE;
				CLANG_CXX_LANGUAGE_STANDARD = "gnu++14";
				CLANG_CXX_LIBRARY = "libc++";
				CLANG_ENABLE_MODULES = YES;
				CLANG_ENABLE_OBJC_ARC = YES;
				CLANG_ENABLE_OBJC_WEAK = YES;
				CLANG_WARN_BLOCK_CAPTURE_AUTORELEASING = YES;
				CLANG_WARN_BOOL_CONVERSION = YES;
				CLANG_WARN_COMMA = YES;
				CLANG_WARN_CONSTANT_CONVERSION = YES;
				CLANG_WARN_DEPRECATED_OBJC_IMPLEMENTATIONS = YES;
				CLANG_WARN_DIRECT_OBJC_ISA_USAGE = YES_ERROR;
				CLANG_WARN_DOCUMENTATION_COMMENTS = YES;
				CLANG_WARN_EMPTY_BODY = YES;
				CLANG_WARN_ENUM_CONVERSION = YES;
				CLANG_WARN_INFINITE_RECURSION = YES;
				CLANG_WARN_INT_CONVERSION = YES;
				CLANG_WARN_NON_LITERAL_NULL_CONVERSION = YES;
				CLANG_WARN_OBJC_IMPLICIT_RETAIN_SELF = YES;
				CLANG_WARN_OBJC_LITERAL_CONVERSION = YES;
				CLANG_WARN_OBJC_ROOT_CLASS = YES_ERROR;
				CLANG_WARN_QUOTED_INCLUDE_IN_FRAMEWORK_HEADER = YES;
				CLANG_WARN_RANGE_LOOP_ANALYSIS = YES;
				CLANG_WARN_STRICT_PROTOTYPES = YES;
				CLANG_WARN_SUSPICIOUS_MOVE = YES;
				CLANG_WARN_UNGUARDED_AVAILABILITY = YES_AGGRESSIVE;
				CLANG_WARN_UNREACHABLE_CODE = YES;
				CLANG_WARN__DUPLICATE_METHOD_MATCH = YES;
				COPY_PHASE_STRIP = NO;
				DEBUG_INFORMATION_FORMAT = dwarf;
				ENABLE_STRICT_OBJC_MSGSEND = YES;
				ENABLE_TESTABILITY = YES;
				GCC_C_LANGUAGE_STANDARD = gnu11;
				GCC_DYNAMIC_NO_PIC = NO;
				GCC_NO_COMMON_BLOCKS = YES;
				GCC_OPTIMIZATION_LEVEL = 0;
				GCC_PREPROCESSOR_DEFINITIONS = (
					"DEBUG=1",
					"$(inherited)",
				);
				GCC_WARN_64_TO_32_BIT_CONVERSION = YES;
				GCC_WARN_ABOUT_RETURN_TYPE = YES_ERROR;
				GCC_WARN_UNDECLARED_SELECTOR = YES;
				GCC_WARN_UNINITIALIZED_AUTOS = YES_AGGRESSIVE;
				GCC_WARN_UNUSED_FUNCTION = YES;
				GCC_WARN_UNUSED_VARIABLE = YES;
				IPHONEOS_DEPLOYMENT_TARGET = 13.0;
				MTL_ENABLE_DEBUG_INFO = INCLUDE_SOURCE;
				MTL_FAST_MATH = YES;
				ONLY_ACTIVE_ARCH = YES;
				SDKROOT = iphoneos;
				SWIFT_ACTIVE_COMPILATION_CONDITIONS = DEBUG;
				SWIFT_OPTIMIZATION_LEVEL = "-Onone";
			};
			name = Debug;
		};
		61C9C930252D45CF00CA32A4 /* Release */ = {
			isa = XCBuildConfiguration;
			buildSettings = {
				ALWAYS_SEARCH_USER_PATHS = NO;
				CLANG_ANALYZER_NONNULL = YES;
				CLANG_ANALYZER_NUMBER_OBJECT_CONVERSION = YES_AGGRESSIVE;
				CLANG_CXX_LANGUAGE_STANDARD = "gnu++14";
				CLANG_CXX_LIBRARY = "libc++";
				CLANG_ENABLE_MODULES = YES;
				CLANG_ENABLE_OBJC_ARC = YES;
				CLANG_ENABLE_OBJC_WEAK = YES;
				CLANG_WARN_BLOCK_CAPTURE_AUTORELEASING = YES;
				CLANG_WARN_BOOL_CONVERSION = YES;
				CLANG_WARN_COMMA = YES;
				CLANG_WARN_CONSTANT_CONVERSION = YES;
				CLANG_WARN_DEPRECATED_OBJC_IMPLEMENTATIONS = YES;
				CLANG_WARN_DIRECT_OBJC_ISA_USAGE = YES_ERROR;
				CLANG_WARN_DOCUMENTATION_COMMENTS = YES;
				CLANG_WARN_EMPTY_BODY = YES;
				CLANG_WARN_ENUM_CONVERSION = YES;
				CLANG_WARN_INFINITE_RECURSION = YES;
				CLANG_WARN_INT_CONVERSION = YES;
				CLANG_WARN_NON_LITERAL_NULL_CONVERSION = YES;
				CLANG_WARN_OBJC_IMPLICIT_RETAIN_SELF = YES;
				CLANG_WARN_OBJC_LITERAL_CONVERSION = YES;
				CLANG_WARN_OBJC_ROOT_CLASS = YES_ERROR;
				CLANG_WARN_QUOTED_INCLUDE_IN_FRAMEWORK_HEADER = YES;
				CLANG_WARN_RANGE_LOOP_ANALYSIS = YES;
				CLANG_WARN_STRICT_PROTOTYPES = YES;
				CLANG_WARN_SUSPICIOUS_MOVE = YES;
				CLANG_WARN_UNGUARDED_AVAILABILITY = YES_AGGRESSIVE;
				CLANG_WARN_UNREACHABLE_CODE = YES;
				CLANG_WARN__DUPLICATE_METHOD_MATCH = YES;
				COPY_PHASE_STRIP = NO;
				DEBUG_INFORMATION_FORMAT = "dwarf-with-dsym";
				ENABLE_NS_ASSERTIONS = NO;
				ENABLE_STRICT_OBJC_MSGSEND = YES;
				GCC_C_LANGUAGE_STANDARD = gnu11;
				GCC_NO_COMMON_BLOCKS = YES;
				GCC_WARN_64_TO_32_BIT_CONVERSION = YES;
				GCC_WARN_ABOUT_RETURN_TYPE = YES_ERROR;
				GCC_WARN_UNDECLARED_SELECTOR = YES;
				GCC_WARN_UNINITIALIZED_AUTOS = YES_AGGRESSIVE;
				GCC_WARN_UNUSED_FUNCTION = YES;
				GCC_WARN_UNUSED_VARIABLE = YES;
				IPHONEOS_DEPLOYMENT_TARGET = 13.0;
				MTL_ENABLE_DEBUG_INFO = NO;
				MTL_FAST_MATH = YES;
				SDKROOT = iphoneos;
				SWIFT_COMPILATION_MODE = wholemodule;
				SWIFT_OPTIMIZATION_LEVEL = "-O";
				VALIDATE_PRODUCT = YES;
			};
			name = Release;
		};
		61C9C932252D45CF00CA32A4 /* Debug */ = {
			isa = XCBuildConfiguration;
			baseConfigurationReference = 669FF29315A26079A076EDD9 /* Pods-TodaysToDo.debug.xcconfig */;
			buildSettings = {
				ASSETCATALOG_COMPILER_APPICON_NAME = AppIcon;
				ASSETCATALOG_COMPILER_GLOBAL_ACCENT_COLOR_NAME = AccentColor;
				CODE_SIGN_IDENTITY = "iPhone Distribution: Yosuke Fujisawa (B7VAC4V7M7)";
				CODE_SIGN_STYLE = Manual;
				CURRENT_PROJECT_VERSION = 1.0.2;
				DEVELOPMENT_TEAM = B7VAC4V7M7;
				INFOPLIST_FILE = TodaysToDo/Info.plist;
				IPHONEOS_DEPLOYMENT_TARGET = 13.0;
				LD_RUNPATH_SEARCH_PATHS = (
					"$(inherited)",
					"@executable_path/Frameworks",
				);
				MARKETING_VERSION = 1.0.0;
				PRODUCT_BUNDLE_IDENTIFIER = "com.Nekokichi-Yos.TodaysToDo";
				PRODUCT_NAME = "$(TARGET_NAME)";
				PROVISIONING_PROFILE_SPECIFIER = TodaysToDo.dis;
				SWIFT_VERSION = 5.0;
				TARGETED_DEVICE_FAMILY = 1;
			};
			name = Debug;
		};
		61C9C933252D45CF00CA32A4 /* Release */ = {
			isa = XCBuildConfiguration;
			baseConfigurationReference = 215F549D927F5D709CF247AC /* Pods-TodaysToDo.release.xcconfig */;
			buildSettings = {
				ASSETCATALOG_COMPILER_APPICON_NAME = AppIcon;
				ASSETCATALOG_COMPILER_GLOBAL_ACCENT_COLOR_NAME = AccentColor;
				CODE_SIGN_IDENTITY = "iPhone Distribution: Yosuke Fujisawa (B7VAC4V7M7)";
				CODE_SIGN_STYLE = Manual;
				CURRENT_PROJECT_VERSION = 1.0.2;
				DEVELOPMENT_TEAM = B7VAC4V7M7;
				INFOPLIST_FILE = TodaysToDo/Info.plist;
				IPHONEOS_DEPLOYMENT_TARGET = 13.0;
				LD_RUNPATH_SEARCH_PATHS = (
					"$(inherited)",
					"@executable_path/Frameworks",
				);
				MARKETING_VERSION = 1.0.0;
				PRODUCT_BUNDLE_IDENTIFIER = "com.Nekokichi-Yos.TodaysToDo";
				PRODUCT_NAME = "$(TARGET_NAME)";
				PROVISIONING_PROFILE_SPECIFIER = TodaysToDo.dis;
				SWIFT_VERSION = 5.0;
				TARGETED_DEVICE_FAMILY = 1;
			};
			name = Release;
		};
		61C9C935252D45CF00CA32A4 /* Debug */ = {
			isa = XCBuildConfiguration;
			buildSettings = {
				ALWAYS_EMBED_SWIFT_STANDARD_LIBRARIES = YES;
				BUNDLE_LOADER = "$(TEST_HOST)";
				CODE_SIGN_STYLE = Automatic;
				DEVELOPMENT_TEAM = B7VAC4V7M7;
				INFOPLIST_FILE = TodaysToDoTests/Info.plist;
				IPHONEOS_DEPLOYMENT_TARGET = 14.0;
				LD_RUNPATH_SEARCH_PATHS = (
					"$(inherited)",
					"@executable_path/Frameworks",
					"@loader_path/Frameworks",
				);
				PRODUCT_BUNDLE_IDENTIFIER = "Nekokichi-Yos.TodaysToDoTests";
				PRODUCT_NAME = "$(TARGET_NAME)";
				SWIFT_VERSION = 5.0;
				TARGETED_DEVICE_FAMILY = "1,2";
				TEST_HOST = "$(BUILT_PRODUCTS_DIR)/TodaysToDo.app/TodaysToDo";
			};
			name = Debug;
		};
		61C9C936252D45CF00CA32A4 /* Release */ = {
			isa = XCBuildConfiguration;
			buildSettings = {
				ALWAYS_EMBED_SWIFT_STANDARD_LIBRARIES = YES;
				BUNDLE_LOADER = "$(TEST_HOST)";
				CODE_SIGN_STYLE = Automatic;
				DEVELOPMENT_TEAM = B7VAC4V7M7;
				INFOPLIST_FILE = TodaysToDoTests/Info.plist;
				IPHONEOS_DEPLOYMENT_TARGET = 14.0;
				LD_RUNPATH_SEARCH_PATHS = (
					"$(inherited)",
					"@executable_path/Frameworks",
					"@loader_path/Frameworks",
				);
				PRODUCT_BUNDLE_IDENTIFIER = "Nekokichi-Yos.TodaysToDoTests";
				PRODUCT_NAME = "$(TARGET_NAME)";
				SWIFT_VERSION = 5.0;
				TARGETED_DEVICE_FAMILY = "1,2";
				TEST_HOST = "$(BUILT_PRODUCTS_DIR)/TodaysToDo.app/TodaysToDo";
			};
			name = Release;
		};
		61C9C938252D45CF00CA32A4 /* Debug */ = {
			isa = XCBuildConfiguration;
			buildSettings = {
				ALWAYS_EMBED_SWIFT_STANDARD_LIBRARIES = YES;
				CODE_SIGN_STYLE = Automatic;
				DEVELOPMENT_TEAM = B7VAC4V7M7;
				INFOPLIST_FILE = TodaysToDoUITests/Info.plist;
				LD_RUNPATH_SEARCH_PATHS = (
					"$(inherited)",
					"@executable_path/Frameworks",
					"@loader_path/Frameworks",
				);
				PRODUCT_BUNDLE_IDENTIFIER = "Nekokichi-Yos.TodaysToDoUITests";
				PRODUCT_NAME = "$(TARGET_NAME)";
				SWIFT_VERSION = 5.0;
				TARGETED_DEVICE_FAMILY = "1,2";
				TEST_TARGET_NAME = TodaysToDo;
			};
			name = Debug;
		};
		61C9C939252D45CF00CA32A4 /* Release */ = {
			isa = XCBuildConfiguration;
			buildSettings = {
				ALWAYS_EMBED_SWIFT_STANDARD_LIBRARIES = YES;
				CODE_SIGN_STYLE = Automatic;
				DEVELOPMENT_TEAM = B7VAC4V7M7;
				INFOPLIST_FILE = TodaysToDoUITests/Info.plist;
				LD_RUNPATH_SEARCH_PATHS = (
					"$(inherited)",
					"@executable_path/Frameworks",
					"@loader_path/Frameworks",
				);
				PRODUCT_BUNDLE_IDENTIFIER = "Nekokichi-Yos.TodaysToDoUITests";
				PRODUCT_NAME = "$(TARGET_NAME)";
				SWIFT_VERSION = 5.0;
				TARGETED_DEVICE_FAMILY = "1,2";
				TEST_TARGET_NAME = TodaysToDo;
			};
			name = Release;
		};
/* End XCBuildConfiguration section */

/* Begin XCConfigurationList section */
		61C9C902252D45CD00CA32A4 /* Build configuration list for PBXProject "TodaysToDo" */ = {
			isa = XCConfigurationList;
			buildConfigurations = (
				61C9C92F252D45CF00CA32A4 /* Debug */,
				61C9C930252D45CF00CA32A4 /* Release */,
			);
			defaultConfigurationIsVisible = 0;
			defaultConfigurationName = Release;
		};
		61C9C931252D45CF00CA32A4 /* Build configuration list for PBXNativeTarget "TodaysToDo" */ = {
			isa = XCConfigurationList;
			buildConfigurations = (
				61C9C932252D45CF00CA32A4 /* Debug */,
				61C9C933252D45CF00CA32A4 /* Release */,
			);
			defaultConfigurationIsVisible = 0;
			defaultConfigurationName = Release;
		};
		61C9C934252D45CF00CA32A4 /* Build configuration list for PBXNativeTarget "TodaysToDoTests" */ = {
			isa = XCConfigurationList;
			buildConfigurations = (
				61C9C935252D45CF00CA32A4 /* Debug */,
				61C9C936252D45CF00CA32A4 /* Release */,
			);
			defaultConfigurationIsVisible = 0;
			defaultConfigurationName = Release;
		};
		61C9C937252D45CF00CA32A4 /* Build configuration list for PBXNativeTarget "TodaysToDoUITests" */ = {
			isa = XCConfigurationList;
			buildConfigurations = (
				61C9C938252D45CF00CA32A4 /* Debug */,
				61C9C939252D45CF00CA32A4 /* Release */,
			);
			defaultConfigurationIsVisible = 0;
			defaultConfigurationName = Release;
		};
/* End XCConfigurationList section */
	};
	rootObject = 61C9C8FF252D45CD00CA32A4 /* Project object */;
}
